// !$*UTF8*$!
{
	archiveVersion = 1;
	classes = {
	};
	objectVersion = 50;
	objects = {

/* Begin PBXBuildFile section */
		DE763EAC24EB7AB200153316 /* BaseViewModel.swift in Sources */ = {isa = PBXBuildFile; fileRef = DE763EAB24EB7AB200153316 /* BaseViewModel.swift */; };
		DE7E433524EDA07E0020A7FD /* Singleton.swift in Sources */ = {isa = PBXBuildFile; fileRef = DE7E433424EDA07E0020A7FD /* Singleton.swift */; };
		DE7E433724EDA0E50020A7FD /* Drawing.swift in Sources */ = {isa = PBXBuildFile; fileRef = DE7E433624EDA0E50020A7FD /* Drawing.swift */; };
		DE97345A24E8EFE200863896 /* AppDelegate.swift in Sources */ = {isa = PBXBuildFile; fileRef = DE97345924E8EFE200863896 /* AppDelegate.swift */; };
		DE97345C24E8EFE200863896 /* SceneDelegate.swift in Sources */ = {isa = PBXBuildFile; fileRef = DE97345B24E8EFE200863896 /* SceneDelegate.swift */; };
		DE97346424E8EFE200863896 /* scribl.xcdatamodeld in Sources */ = {isa = PBXBuildFile; fileRef = DE97346224E8EFE200863896 /* scribl.xcdatamodeld */; };
		DE97346624E8EFE300863896 /* Assets.xcassets in Resources */ = {isa = PBXBuildFile; fileRef = DE97346524E8EFE300863896 /* Assets.xcassets */; };
		DE97346924E8EFE300863896 /* LaunchScreen.storyboard in Resources */ = {isa = PBXBuildFile; fileRef = DE97346724E8EFE300863896 /* LaunchScreen.storyboard */; };
		DE97347424E8EFE300863896 /* scriblTests.swift in Sources */ = {isa = PBXBuildFile; fileRef = DE97347324E8EFE300863896 /* scriblTests.swift */; };
		DE97347F24E8EFE300863896 /* scriblUITests.swift in Sources */ = {isa = PBXBuildFile; fileRef = DE97347E24E8EFE300863896 /* scriblUITests.swift */; };
		DE97348E24E8FEAF00863896 /* GalleryViewController.swift in Sources */ = {isa = PBXBuildFile; fileRef = DE97348D24E8FEAF00863896 /* GalleryViewController.swift */; };
		DE97349024E8FEDF00863896 /* DrawViewController.swift in Sources */ = {isa = PBXBuildFile; fileRef = DE97348F24E8FEDF00863896 /* DrawViewController.swift */; };
		DE97349324E902E300863896 /* GalleryViewModel.swift in Sources */ = {isa = PBXBuildFile; fileRef = DE97349224E902E300863896 /* GalleryViewModel.swift */; };
		DE97349524E902F300863896 /* DrawViewModel.swift in Sources */ = {isa = PBXBuildFile; fileRef = DE97349424E902F300863896 /* DrawViewModel.swift */; };
		DE97349724EA09D100863896 /* UIColor+Scribl.swift in Sources */ = {isa = PBXBuildFile; fileRef = DE97349624EA09D100863896 /* UIColor+Scribl.swift */; };
		DE97349A24EA0F5700863896 /* Constants.swift in Sources */ = {isa = PBXBuildFile; fileRef = DE97349924EA0F5700863896 /* Constants.swift */; };
		DE97349C24EA114600863896 /* BaseViewController.swift in Sources */ = {isa = PBXBuildFile; fileRef = DE97349B24EA114600863896 /* BaseViewController.swift */; };
		DE97349F24EA1BBB00863896 /* UIImage+Scribl.swift in Sources */ = {isa = PBXBuildFile; fileRef = DE97349E24EA1BBB00863896 /* UIImage+Scribl.swift */; };
		DE9734A124EA33D400863896 /* CanvasView.swift in Sources */ = {isa = PBXBuildFile; fileRef = DE9734A024EA33D400863896 /* CanvasView.swift */; };
		DE9734A324EA372000863896 /* ToolbarView.swift in Sources */ = {isa = PBXBuildFile; fileRef = DE9734A224EA372000863896 /* ToolbarView.swift */; };
		DE9734A524EA513C00863896 /* Stroke.swift in Sources */ = {isa = PBXBuildFile; fileRef = DE9734A424EA513C00863896 /* Stroke.swift */; };
/* End PBXBuildFile section */

/* Begin PBXContainerItemProxy section */
		DE97347024E8EFE300863896 /* PBXContainerItemProxy */ = {
			isa = PBXContainerItemProxy;
			containerPortal = DE97344E24E8EFE200863896 /* Project object */;
			proxyType = 1;
			remoteGlobalIDString = DE97345524E8EFE200863896;
			remoteInfo = scribl;
		};
		DE97347B24E8EFE300863896 /* PBXContainerItemProxy */ = {
			isa = PBXContainerItemProxy;
			containerPortal = DE97344E24E8EFE200863896 /* Project object */;
			proxyType = 1;
			remoteGlobalIDString = DE97345524E8EFE200863896;
			remoteInfo = scribl;
		};
/* End PBXContainerItemProxy section */

/* Begin PBXFileReference section */
		DE763EAB24EB7AB200153316 /* BaseViewModel.swift */ = {isa = PBXFileReference; lastKnownFileType = sourcecode.swift; path = BaseViewModel.swift; sourceTree = "<group>"; };
		DE7E433424EDA07E0020A7FD /* Singleton.swift */ = {isa = PBXFileReference; lastKnownFileType = sourcecode.swift; path = Singleton.swift; sourceTree = "<group>"; };
		DE7E433624EDA0E50020A7FD /* Drawing.swift */ = {isa = PBXFileReference; lastKnownFileType = sourcecode.swift; path = Drawing.swift; sourceTree = "<group>"; };
		DE97345624E8EFE200863896 /* scribl.app */ = {isa = PBXFileReference; explicitFileType = wrapper.application; includeInIndex = 0; path = scribl.app; sourceTree = BUILT_PRODUCTS_DIR; };
		DE97345924E8EFE200863896 /* AppDelegate.swift */ = {isa = PBXFileReference; lastKnownFileType = sourcecode.swift; path = AppDelegate.swift; sourceTree = "<group>"; };
		DE97345B24E8EFE200863896 /* SceneDelegate.swift */ = {isa = PBXFileReference; lastKnownFileType = sourcecode.swift; path = SceneDelegate.swift; sourceTree = "<group>"; };
		DE97346324E8EFE200863896 /* scribl.xcdatamodel */ = {isa = PBXFileReference; lastKnownFileType = wrapper.xcdatamodel; path = scribl.xcdatamodel; sourceTree = "<group>"; };
		DE97346524E8EFE300863896 /* Assets.xcassets */ = {isa = PBXFileReference; lastKnownFileType = folder.assetcatalog; path = Assets.xcassets; sourceTree = "<group>"; };
		DE97346824E8EFE300863896 /* Base */ = {isa = PBXFileReference; lastKnownFileType = file.storyboard; name = Base; path = Base.lproj/LaunchScreen.storyboard; sourceTree = "<group>"; };
		DE97346A24E8EFE300863896 /* Info.plist */ = {isa = PBXFileReference; lastKnownFileType = text.plist.xml; path = Info.plist; sourceTree = "<group>"; };
		DE97346F24E8EFE300863896 /* scriblTests.xctest */ = {isa = PBXFileReference; explicitFileType = wrapper.cfbundle; includeInIndex = 0; path = scriblTests.xctest; sourceTree = BUILT_PRODUCTS_DIR; };
		DE97347324E8EFE300863896 /* scriblTests.swift */ = {isa = PBXFileReference; lastKnownFileType = sourcecode.swift; path = scriblTests.swift; sourceTree = "<group>"; };
		DE97347524E8EFE300863896 /* Info.plist */ = {isa = PBXFileReference; lastKnownFileType = text.plist.xml; path = Info.plist; sourceTree = "<group>"; };
		DE97347A24E8EFE300863896 /* scriblUITests.xctest */ = {isa = PBXFileReference; explicitFileType = wrapper.cfbundle; includeInIndex = 0; path = scriblUITests.xctest; sourceTree = BUILT_PRODUCTS_DIR; };
		DE97347E24E8EFE300863896 /* scriblUITests.swift */ = {isa = PBXFileReference; lastKnownFileType = sourcecode.swift; path = scriblUITests.swift; sourceTree = "<group>"; };
		DE97348024E8EFE300863896 /* Info.plist */ = {isa = PBXFileReference; lastKnownFileType = text.plist.xml; path = Info.plist; sourceTree = "<group>"; };
		DE97348D24E8FEAF00863896 /* GalleryViewController.swift */ = {isa = PBXFileReference; lastKnownFileType = sourcecode.swift; path = GalleryViewController.swift; sourceTree = "<group>"; };
		DE97348F24E8FEDF00863896 /* DrawViewController.swift */ = {isa = PBXFileReference; lastKnownFileType = sourcecode.swift; path = DrawViewController.swift; sourceTree = "<group>"; };
		DE97349224E902E300863896 /* GalleryViewModel.swift */ = {isa = PBXFileReference; lastKnownFileType = sourcecode.swift; path = GalleryViewModel.swift; sourceTree = "<group>"; };
		DE97349424E902F300863896 /* DrawViewModel.swift */ = {isa = PBXFileReference; lastKnownFileType = sourcecode.swift; path = DrawViewModel.swift; sourceTree = "<group>"; };
		DE97349624EA09D100863896 /* UIColor+Scribl.swift */ = {isa = PBXFileReference; lastKnownFileType = sourcecode.swift; path = "UIColor+Scribl.swift"; sourceTree = "<group>"; };
		DE97349924EA0F5700863896 /* Constants.swift */ = {isa = PBXFileReference; lastKnownFileType = sourcecode.swift; path = Constants.swift; sourceTree = "<group>"; };
		DE97349B24EA114600863896 /* BaseViewController.swift */ = {isa = PBXFileReference; lastKnownFileType = sourcecode.swift; path = BaseViewController.swift; sourceTree = "<group>"; };
		DE97349E24EA1BBB00863896 /* UIImage+Scribl.swift */ = {isa = PBXFileReference; lastKnownFileType = sourcecode.swift; path = "UIImage+Scribl.swift"; sourceTree = "<group>"; };
		DE9734A024EA33D400863896 /* CanvasView.swift */ = {isa = PBXFileReference; lastKnownFileType = sourcecode.swift; path = CanvasView.swift; sourceTree = "<group>"; };
		DE9734A224EA372000863896 /* ToolbarView.swift */ = {isa = PBXFileReference; lastKnownFileType = sourcecode.swift; path = ToolbarView.swift; sourceTree = "<group>"; };
		DE9734A424EA513C00863896 /* Stroke.swift */ = {isa = PBXFileReference; lastKnownFileType = sourcecode.swift; path = Stroke.swift; sourceTree = "<group>"; };
/* End PBXFileReference section */

/* Begin PBXFrameworksBuildPhase section */
		DE97345324E8EFE200863896 /* Frameworks */ = {
			isa = PBXFrameworksBuildPhase;
			buildActionMask = 2147483647;
			files = (
			);
			runOnlyForDeploymentPostprocessing = 0;
		};
		DE97346C24E8EFE300863896 /* Frameworks */ = {
			isa = PBXFrameworksBuildPhase;
			buildActionMask = 2147483647;
			files = (
			);
			runOnlyForDeploymentPostprocessing = 0;
		};
		DE97347724E8EFE300863896 /* Frameworks */ = {
			isa = PBXFrameworksBuildPhase;
			buildActionMask = 2147483647;
			files = (
			);
			runOnlyForDeploymentPostprocessing = 0;
		};
/* End PBXFrameworksBuildPhase section */

/* Begin PBXGroup section */
		DE97344D24E8EFE200863896 = {
			isa = PBXGroup;
			children = (
				DE97345824E8EFE200863896 /* scribl */,
				DE97347224E8EFE300863896 /* scriblTests */,
				DE97347D24E8EFE300863896 /* scriblUITests */,
				DE97345724E8EFE200863896 /* Products */,
			);
			sourceTree = "<group>";
		};
		DE97345724E8EFE200863896 /* Products */ = {
			isa = PBXGroup;
			children = (
				DE97345624E8EFE200863896 /* scribl.app */,
				DE97346F24E8EFE300863896 /* scriblTests.xctest */,
				DE97347A24E8EFE300863896 /* scriblUITests.xctest */,
			);
			name = Products;
			sourceTree = "<group>";
		};
		DE97345824E8EFE200863896 /* scribl */ = {
			isa = PBXGroup;
			children = (
				DE97345924E8EFE200863896 /* AppDelegate.swift */,
				DE97345B24E8EFE200863896 /* SceneDelegate.swift */,
				DE97349924EA0F5700863896 /* Constants.swift */,
				DE7E433424EDA07E0020A7FD /* Singleton.swift */,
				DE97349824EA0A3F00863896 /* Models */,
				DE97348C24E8FD9800863896 /* Views */,
				DE97349124E902BC00863896 /* ViewModels */,
				DE97346524E8EFE300863896 /* Assets.xcassets */,
				DE97346724E8EFE300863896 /* LaunchScreen.storyboard */,
				DE97346A24E8EFE300863896 /* Info.plist */,
				DE97346224E8EFE200863896 /* scribl.xcdatamodeld */,
				DE97349D24EA142D00863896 /* Extensions */,
			);
			path = scribl;
			sourceTree = "<group>";
		};
		DE97347224E8EFE300863896 /* scriblTests */ = {
			isa = PBXGroup;
			children = (
				DE97347324E8EFE300863896 /* scriblTests.swift */,
				DE97347524E8EFE300863896 /* Info.plist */,
			);
			path = scriblTests;
			sourceTree = "<group>";
		};
		DE97347D24E8EFE300863896 /* scriblUITests */ = {
			isa = PBXGroup;
			children = (
				DE97347E24E8EFE300863896 /* scriblUITests.swift */,
				DE97348024E8EFE300863896 /* Info.plist */,
			);
			path = scriblUITests;
			sourceTree = "<group>";
		};
		DE97348C24E8FD9800863896 /* Views */ = {
			isa = PBXGroup;
			children = (
				DE97349B24EA114600863896 /* BaseViewController.swift */,
				DE97348D24E8FEAF00863896 /* GalleryViewController.swift */,
				DE97348F24E8FEDF00863896 /* DrawViewController.swift */,
				DE9734A024EA33D400863896 /* CanvasView.swift */,
				DE9734A224EA372000863896 /* ToolbarView.swift */,
			);
			path = Views;
			sourceTree = "<group>";
		};
		DE97349124E902BC00863896 /* ViewModels */ = {
			isa = PBXGroup;
			children = (
				DE763EAB24EB7AB200153316 /* BaseViewModel.swift */,
				DE97349224E902E300863896 /* GalleryViewModel.swift */,
				DE97349424E902F300863896 /* DrawViewModel.swift */,
			);
			path = ViewModels;
			sourceTree = "<group>";
		};
		DE97349824EA0A3F00863896 /* Models */ = {
			isa = PBXGroup;
			children = (
				DE9734A424EA513C00863896 /* Stroke.swift */,
				DE7E433624EDA0E50020A7FD /* Drawing.swift */,
			);
			path = Models;
			sourceTree = "<group>";
		};
		DE97349D24EA142D00863896 /* Extensions */ = {
			isa = PBXGroup;
			children = (
				DE97349624EA09D100863896 /* UIColor+Scribl.swift */,
				DE97349E24EA1BBB00863896 /* UIImage+Scribl.swift */,
			);
			path = Extensions;
			sourceTree = "<group>";
		};
/* End PBXGroup section */

/* Begin PBXNativeTarget section */
		DE97345524E8EFE200863896 /* scribl */ = {
			isa = PBXNativeTarget;
			buildConfigurationList = DE97348324E8EFE300863896 /* Build configuration list for PBXNativeTarget "scribl" */;
			buildPhases = (
				DE97345224E8EFE200863896 /* Sources */,
				DE97345324E8EFE200863896 /* Frameworks */,
				DE97345424E8EFE200863896 /* Resources */,
			);
			buildRules = (
			);
			dependencies = (
			);
			name = scribl;
			productName = scribl;
			productReference = DE97345624E8EFE200863896 /* scribl.app */;
			productType = "com.apple.product-type.application";
		};
		DE97346E24E8EFE300863896 /* scriblTests */ = {
			isa = PBXNativeTarget;
			buildConfigurationList = DE97348624E8EFE300863896 /* Build configuration list for PBXNativeTarget "scriblTests" */;
			buildPhases = (
				DE97346B24E8EFE300863896 /* Sources */,
				DE97346C24E8EFE300863896 /* Frameworks */,
				DE97346D24E8EFE300863896 /* Resources */,
			);
			buildRules = (
			);
			dependencies = (
				DE97347124E8EFE300863896 /* PBXTargetDependency */,
			);
			name = scriblTests;
			productName = scriblTests;
			productReference = DE97346F24E8EFE300863896 /* scriblTests.xctest */;
			productType = "com.apple.product-type.bundle.unit-test";
		};
		DE97347924E8EFE300863896 /* scriblUITests */ = {
			isa = PBXNativeTarget;
			buildConfigurationList = DE97348924E8EFE300863896 /* Build configuration list for PBXNativeTarget "scriblUITests" */;
			buildPhases = (
				DE97347624E8EFE300863896 /* Sources */,
				DE97347724E8EFE300863896 /* Frameworks */,
				DE97347824E8EFE300863896 /* Resources */,
			);
			buildRules = (
			);
			dependencies = (
				DE97347C24E8EFE300863896 /* PBXTargetDependency */,
			);
			name = scriblUITests;
			productName = scriblUITests;
			productReference = DE97347A24E8EFE300863896 /* scriblUITests.xctest */;
			productType = "com.apple.product-type.bundle.ui-testing";
		};
/* End PBXNativeTarget section */

/* Begin PBXProject section */
		DE97344E24E8EFE200863896 /* Project object */ = {
			isa = PBXProject;
			attributes = {
				LastSwiftUpdateCheck = 1160;
				LastUpgradeCheck = 1160;
				ORGANIZATIONNAME = "Adam Bollard";
				TargetAttributes = {
					DE97345524E8EFE200863896 = {
						CreatedOnToolsVersion = 11.6;
					};
					DE97346E24E8EFE300863896 = {
						CreatedOnToolsVersion = 11.6;
						TestTargetID = DE97345524E8EFE200863896;
					};
					DE97347924E8EFE300863896 = {
						CreatedOnToolsVersion = 11.6;
						TestTargetID = DE97345524E8EFE200863896;
					};
				};
			};
			buildConfigurationList = DE97345124E8EFE200863896 /* Build configuration list for PBXProject "scribl" */;
			compatibilityVersion = "Xcode 9.3";
			developmentRegion = en;
			hasScannedForEncodings = 0;
			knownRegions = (
				en,
				Base,
			);
			mainGroup = DE97344D24E8EFE200863896;
			productRefGroup = DE97345724E8EFE200863896 /* Products */;
			projectDirPath = "";
			projectRoot = "";
			targets = (
				DE97345524E8EFE200863896 /* scribl */,
				DE97346E24E8EFE300863896 /* scriblTests */,
				DE97347924E8EFE300863896 /* scriblUITests */,
			);
		};
/* End PBXProject section */

/* Begin PBXResourcesBuildPhase section */
		DE97345424E8EFE200863896 /* Resources */ = {
			isa = PBXResourcesBuildPhase;
			buildActionMask = 2147483647;
			files = (
				DE97346924E8EFE300863896 /* LaunchScreen.storyboard in Resources */,
				DE97346624E8EFE300863896 /* Assets.xcassets in Resources */,
			);
			runOnlyForDeploymentPostprocessing = 0;
		};
		DE97346D24E8EFE300863896 /* Resources */ = {
			isa = PBXResourcesBuildPhase;
			buildActionMask = 2147483647;
			files = (
			);
			runOnlyForDeploymentPostprocessing = 0;
		};
		DE97347824E8EFE300863896 /* Resources */ = {
			isa = PBXResourcesBuildPhase;
			buildActionMask = 2147483647;
			files = (
			);
			runOnlyForDeploymentPostprocessing = 0;
		};
/* End PBXResourcesBuildPhase section */

/* Begin PBXSourcesBuildPhase section */
		DE97345224E8EFE200863896 /* Sources */ = {
			isa = PBXSourcesBuildPhase;
			buildActionMask = 2147483647;
			files = (
				DE97345A24E8EFE200863896 /* AppDelegate.swift in Sources */,
				DE7E433724EDA0E50020A7FD /* Drawing.swift in Sources */,
				DE97349324E902E300863896 /* GalleryViewModel.swift in Sources */,
				DE9734A124EA33D400863896 /* CanvasView.swift in Sources */,
				DE97348E24E8FEAF00863896 /* GalleryViewController.swift in Sources */,
				DE97349024E8FEDF00863896 /* DrawViewController.swift in Sources */,
				DE97349524E902F300863896 /* DrawViewModel.swift in Sources */,
				DE97349C24EA114600863896 /* BaseViewController.swift in Sources */,
				DE97349F24EA1BBB00863896 /* UIImage+Scribl.swift in Sources */,
				DE97346424E8EFE200863896 /* scribl.xcdatamodeld in Sources */,
				DE97349724EA09D100863896 /* UIColor+Scribl.swift in Sources */,
				DE97345C24E8EFE200863896 /* SceneDelegate.swift in Sources */,
				DE763EAC24EB7AB200153316 /* BaseViewModel.swift in Sources */,
				DE97349A24EA0F5700863896 /* Constants.swift in Sources */,
				DE7E433524EDA07E0020A7FD /* Singleton.swift in Sources */,
				DE9734A324EA372000863896 /* ToolbarView.swift in Sources */,
				DE9734A524EA513C00863896 /* Stroke.swift in Sources */,
			);
			runOnlyForDeploymentPostprocessing = 0;
		};
		DE97346B24E8EFE300863896 /* Sources */ = {
			isa = PBXSourcesBuildPhase;
			buildActionMask = 2147483647;
			files = (
				DE97347424E8EFE300863896 /* scriblTests.swift in Sources */,
			);
			runOnlyForDeploymentPostprocessing = 0;
		};
		DE97347624E8EFE300863896 /* Sources */ = {
			isa = PBXSourcesBuildPhase;
			buildActionMask = 2147483647;
			files = (
				DE97347F24E8EFE300863896 /* scriblUITests.swift in Sources */,
			);
			runOnlyForDeploymentPostprocessing = 0;
		};
/* End PBXSourcesBuildPhase section */

/* Begin PBXTargetDependency section */
		DE97347124E8EFE300863896 /* PBXTargetDependency */ = {
			isa = PBXTargetDependency;
			target = DE97345524E8EFE200863896 /* scribl */;
			targetProxy = DE97347024E8EFE300863896 /* PBXContainerItemProxy */;
		};
		DE97347C24E8EFE300863896 /* PBXTargetDependency */ = {
			isa = PBXTargetDependency;
			target = DE97345524E8EFE200863896 /* scribl */;
			targetProxy = DE97347B24E8EFE300863896 /* PBXContainerItemProxy */;
		};
/* End PBXTargetDependency section */

/* Begin PBXVariantGroup section */
		DE97346724E8EFE300863896 /* LaunchScreen.storyboard */ = {
			isa = PBXVariantGroup;
			children = (
				DE97346824E8EFE300863896 /* Base */,
			);
			name = LaunchScreen.storyboard;
			sourceTree = "<group>";
		};
/* End PBXVariantGroup section */

/* Begin XCBuildConfiguration section */
		DE97348124E8EFE300863896 /* Debug */ = {
			isa = XCBuildConfiguration;
			buildSettings = {
				ALWAYS_SEARCH_USER_PATHS = NO;
				CLANG_ANALYZER_NONNULL = YES;
				CLANG_ANALYZER_NUMBER_OBJECT_CONVERSION = YES_AGGRESSIVE;
				CLANG_CXX_LANGUAGE_STANDARD = "gnu++14";
				CLANG_CXX_LIBRARY = "libc++";
				CLANG_ENABLE_MODULES = YES;
				CLANG_ENABLE_OBJC_ARC = YES;
				CLANG_ENABLE_OBJC_WEAK = YES;
				CLANG_WARN_BLOCK_CAPTURE_AUTORELEASING = YES;
				CLANG_WARN_BOOL_CONVERSION = YES;
				CLANG_WARN_COMMA = YES;
				CLANG_WARN_CONSTANT_CONVERSION = YES;
				CLANG_WARN_DEPRECATED_OBJC_IMPLEMENTATIONS = YES;
				CLANG_WARN_DIRECT_OBJC_ISA_USAGE = YES_ERROR;
				CLANG_WARN_DOCUMENTATION_COMMENTS = YES;
				CLANG_WARN_EMPTY_BODY = YES;
				CLANG_WARN_ENUM_CONVERSION = YES;
				CLANG_WARN_INFINITE_RECURSION = YES;
				CLANG_WARN_INT_CONVERSION = YES;
				CLANG_WARN_NON_LITERAL_NULL_CONVERSION = YES;
				CLANG_WARN_OBJC_IMPLICIT_RETAIN_SELF = YES;
				CLANG_WARN_OBJC_LITERAL_CONVERSION = YES;
				CLANG_WARN_OBJC_ROOT_CLASS = YES_ERROR;
				CLANG_WARN_RANGE_LOOP_ANALYSIS = YES;
				CLANG_WARN_STRICT_PROTOTYPES = YES;
				CLANG_WARN_SUSPICIOUS_MOVE = YES;
				CLANG_WARN_UNGUARDED_AVAILABILITY = YES_AGGRESSIVE;
				CLANG_WARN_UNREACHABLE_CODE = YES;
				CLANG_WARN__DUPLICATE_METHOD_MATCH = YES;
				COPY_PHASE_STRIP = NO;
				DEBUG_INFORMATION_FORMAT = dwarf;
				ENABLE_STRICT_OBJC_MSGSEND = YES;
				ENABLE_TESTABILITY = YES;
				GCC_C_LANGUAGE_STANDARD = gnu11;
				GCC_DYNAMIC_NO_PIC = NO;
				GCC_NO_COMMON_BLOCKS = YES;
				GCC_OPTIMIZATION_LEVEL = 0;
				GCC_PREPROCESSOR_DEFINITIONS = (
					"DEBUG=1",
					"$(inherited)",
				);
				GCC_WARN_64_TO_32_BIT_CONVERSION = YES;
				GCC_WARN_ABOUT_RETURN_TYPE = YES_ERROR;
				GCC_WARN_UNDECLARED_SELECTOR = YES;
				GCC_WARN_UNINITIALIZED_AUTOS = YES_AGGRESSIVE;
				GCC_WARN_UNUSED_FUNCTION = YES;
				GCC_WARN_UNUSED_VARIABLE = YES;
				IPHONEOS_DEPLOYMENT_TARGET = 13.6;
				MTL_ENABLE_DEBUG_INFO = INCLUDE_SOURCE;
				MTL_FAST_MATH = YES;
				ONLY_ACTIVE_ARCH = YES;
				SDKROOT = iphoneos;
				SWIFT_ACTIVE_COMPILATION_CONDITIONS = DEBUG;
				SWIFT_OPTIMIZATION_LEVEL = "-Onone";
			};
			name = Debug;
		};
		DE97348224E8EFE300863896 /* Release */ = {
			isa = XCBuildConfiguration;
			buildSettings = {
				ALWAYS_SEARCH_USER_PATHS = NO;
				CLANG_ANALYZER_NONNULL = YES;
				CLANG_ANALYZER_NUMBER_OBJECT_CONVERSION = YES_AGGRESSIVE;
				CLANG_CXX_LANGUAGE_STANDARD = "gnu++14";
				CLANG_CXX_LIBRARY = "libc++";
				CLANG_ENABLE_MODULES = YES;
				CLANG_ENABLE_OBJC_ARC = YES;
				CLANG_ENABLE_OBJC_WEAK = YES;
				CLANG_WARN_BLOCK_CAPTURE_AUTORELEASING = YES;
				CLANG_WARN_BOOL_CONVERSION = YES;
				CLANG_WARN_COMMA = YES;
				CLANG_WARN_CONSTANT_CONVERSION = YES;
				CLANG_WARN_DEPRECATED_OBJC_IMPLEMENTATIONS = YES;
				CLANG_WARN_DIRECT_OBJC_ISA_USAGE = YES_ERROR;
				CLANG_WARN_DOCUMENTATION_COMMENTS = YES;
				CLANG_WARN_EMPTY_BODY = YES;
				CLANG_WARN_ENUM_CONVERSION = YES;
				CLANG_WARN_INFINITE_RECURSION = YES;
				CLANG_WARN_INT_CONVERSION = YES;
				CLANG_WARN_NON_LITERAL_NULL_CONVERSION = YES;
				CLANG_WARN_OBJC_IMPLICIT_RETAIN_SELF = YES;
				CLANG_WARN_OBJC_LITERAL_CONVERSION = YES;
				CLANG_WARN_OBJC_ROOT_CLASS = YES_ERROR;
				CLANG_WARN_RANGE_LOOP_ANALYSIS = YES;
				CLANG_WARN_STRICT_PROTOTYPES = YES;
				CLANG_WARN_SUSPICIOUS_MOVE = YES;
				CLANG_WARN_UNGUARDED_AVAILABILITY = YES_AGGRESSIVE;
				CLANG_WARN_UNREACHABLE_CODE = YES;
				CLANG_WARN__DUPLICATE_METHOD_MATCH = YES;
				COPY_PHASE_STRIP = NO;
				DEBUG_INFORMATION_FORMAT = "dwarf-with-dsym";
				ENABLE_NS_ASSERTIONS = NO;
				ENABLE_STRICT_OBJC_MSGSEND = YES;
				GCC_C_LANGUAGE_STANDARD = gnu11;
				GCC_NO_COMMON_BLOCKS = YES;
				GCC_WARN_64_TO_32_BIT_CONVERSION = YES;
				GCC_WARN_ABOUT_RETURN_TYPE = YES_ERROR;
				GCC_WARN_UNDECLARED_SELECTOR = YES;
				GCC_WARN_UNINITIALIZED_AUTOS = YES_AGGRESSIVE;
				GCC_WARN_UNUSED_FUNCTION = YES;
				GCC_WARN_UNUSED_VARIABLE = YES;
				IPHONEOS_DEPLOYMENT_TARGET = 13.6;
				MTL_ENABLE_DEBUG_INFO = NO;
				MTL_FAST_MATH = YES;
				SDKROOT = iphoneos;
				SWIFT_COMPILATION_MODE = wholemodule;
				SWIFT_OPTIMIZATION_LEVEL = "-O";
				VALIDATE_PRODUCT = YES;
			};
			name = Release;
		};
		DE97348424E8EFE300863896 /* Debug */ = {
			isa = XCBuildConfiguration;
			buildSettings = {
				ASSETCATALOG_COMPILER_APPICON_NAME = AppIcon;
				CODE_SIGN_STYLE = Automatic;
				DEVELOPMENT_TEAM = 3XLC892T5U;
				INFOPLIST_FILE = scribl/Info.plist;
				LD_RUNPATH_SEARCH_PATHS = (
					"$(inherited)",
					"@executable_path/Frameworks",
				);
				PRODUCT_BUNDLE_IDENTIFIER = com.azb.scribl;
				PRODUCT_NAME = "$(TARGET_NAME)";
				SWIFT_VERSION = 5.0;
				TARGETED_DEVICE_FAMILY = "1,2";
			};
			name = Debug;
		};
		DE97348524E8EFE300863896 /* Release */ = {
			isa = XCBuildConfiguration;
			buildSettings = {
				ASSETCATALOG_COMPILER_APPICON_NAME = AppIcon;
				CODE_SIGN_STYLE = Automatic;
				DEVELOPMENT_TEAM = 3XLC892T5U;
				INFOPLIST_FILE = scribl/Info.plist;
				LD_RUNPATH_SEARCH_PATHS = (
					"$(inherited)",
					"@executable_path/Frameworks",
				);
				PRODUCT_BUNDLE_IDENTIFIER = com.azb.scribl;
				PRODUCT_NAME = "$(TARGET_NAME)";
				SWIFT_VERSION = 5.0;
				TARGETED_DEVICE_FAMILY = "1,2";
			};
			name = Release;
		};
		DE97348724E8EFE300863896 /* Debug */ = {
			isa = XCBuildConfiguration;
			buildSettings = {
				ALWAYS_EMBED_SWIFT_STANDARD_LIBRARIES = YES;
				BUNDLE_LOADER = "$(TEST_HOST)";
				CODE_SIGN_STYLE = Automatic;
				DEVELOPMENT_TEAM = 3XLC892T5U;
				INFOPLIST_FILE = scriblTests/Info.plist;
				IPHONEOS_DEPLOYMENT_TARGET = 13.6;
				LD_RUNPATH_SEARCH_PATHS = (
					"$(inherited)",
					"@executable_path/Frameworks",
					"@loader_path/Frameworks",
				);
				PRODUCT_BUNDLE_IDENTIFIER = com.azb.scriblTests;
				PRODUCT_NAME = "$(TARGET_NAME)";
				SWIFT_VERSION = 5.0;
				TARGETED_DEVICE_FAMILY = "1,2";
				TEST_HOST = "$(BUILT_PRODUCTS_DIR)/scribl.app/scribl";
			};
			name = Debug;
		};
		DE97348824E8EFE300863896 /* Release */ = {
			isa = XCBuildConfiguration;
			buildSettings = {
				ALWAYS_EMBED_SWIFT_STANDARD_LIBRARIES = YES;
				BUNDLE_LOADER = "$(TEST_HOST)";
				CODE_SIGN_STYLE = Automatic;
				DEVELOPMENT_TEAM = 3XLC892T5U;
				INFOPLIST_FILE = scriblTests/Info.plist;
				IPHONEOS_DEPLOYMENT_TARGET = 13.6;
				LD_RUNPATH_SEARCH_PATHS = (
					"$(inherited)",
					"@executable_path/Frameworks",
					"@loader_path/Frameworks",
				);
				PRODUCT_BUNDLE_IDENTIFIER = com.azb.scriblTests;
				PRODUCT_NAME = "$(TARGET_NAME)";
				SWIFT_VERSION = 5.0;
				TARGETED_DEVICE_FAMILY = "1,2";
				TEST_HOST = "$(BUILT_PRODUCTS_DIR)/scribl.app/scribl";
			};
			name = Release;
		};
		DE97348A24E8EFE300863896 /* Debug */ = {
			isa = XCBuildConfiguration;
			buildSettings = {
				ALWAYS_EMBED_SWIFT_STANDARD_LIBRARIES = YES;
				CODE_SIGN_STYLE = Automatic;
				DEVELOPMENT_TEAM = 3XLC892T5U;
				INFOPLIST_FILE = scriblUITests/Info.plist;
				LD_RUNPATH_SEARCH_PATHS = (
					"$(inherited)",
					"@executable_path/Frameworks",
					"@loader_path/Frameworks",
				);
				PRODUCT_BUNDLE_IDENTIFIER = com.azb.scriblUITests;
				PRODUCT_NAME = "$(TARGET_NAME)";
				SWIFT_VERSION = 5.0;
				TARGETED_DEVICE_FAMILY = "1,2";
				TEST_TARGET_NAME = scribl;
			};
			name = Debug;
		};
		DE97348B24E8EFE300863896 /* Release */ = {
			isa = XCBuildConfiguration;
			buildSettings = {
				ALWAYS_EMBED_SWIFT_STANDARD_LIBRARIES = YES;
				CODE_SIGN_STYLE = Automatic;
				DEVELOPMENT_TEAM = 3XLC892T5U;
				INFOPLIST_FILE = scriblUITests/Info.plist;
				LD_RUNPATH_SEARCH_PATHS = (
					"$(inherited)",
					"@executable_path/Frameworks",
					"@loader_path/Frameworks",
				);
				PRODUCT_BUNDLE_IDENTIFIER = com.azb.scriblUITests;
				PRODUCT_NAME = "$(TARGET_NAME)";
				SWIFT_VERSION = 5.0;
				TARGETED_DEVICE_FAMILY = "1,2";
				TEST_TARGET_NAME = scribl;
			};
			name = Release;
		};
/* End XCBuildConfiguration section */

/* Begin XCConfigurationList section */
		DE97345124E8EFE200863896 /* Build configuration list for PBXProject "scribl" */ = {
			isa = XCConfigurationList;
			buildConfigurations = (
				DE97348124E8EFE300863896 /* Debug */,
				DE97348224E8EFE300863896 /* Release */,
			);
			defaultConfigurationIsVisible = 0;
			defaultConfigurationName = Release;
		};
		DE97348324E8EFE300863896 /* Build configuration list for PBXNativeTarget "scribl" */ = {
			isa = XCConfigurationList;
			buildConfigurations = (
				DE97348424E8EFE300863896 /* Debug */,
				DE97348524E8EFE300863896 /* Release */,
			);
			defaultConfigurationIsVisible = 0;
			defaultConfigurationName = Release;
		};
		DE97348624E8EFE300863896 /* Build configuration list for PBXNativeTarget "scriblTests" */ = {
			isa = XCConfigurationList;
			buildConfigurations = (
				DE97348724E8EFE300863896 /* Debug */,
				DE97348824E8EFE300863896 /* Release */,
			);
			defaultConfigurationIsVisible = 0;
			defaultConfigurationName = Release;
		};
		DE97348924E8EFE300863896 /* Build configuration list for PBXNativeTarget "scriblUITests" */ = {
			isa = XCConfigurationList;
			buildConfigurations = (
				DE97348A24E8EFE300863896 /* Debug */,
				DE97348B24E8EFE300863896 /* Release */,
			);
			defaultConfigurationIsVisible = 0;
			defaultConfigurationName = Release;
		};
/* End XCConfigurationList section */

/* Begin XCVersionGroup section */
		DE97346224E8EFE200863896 /* scribl.xcdatamodeld */ = {
			isa = XCVersionGroup;
			children = (
				DE97346324E8EFE200863896 /* scribl.xcdatamodel */,
			);
			currentVersion = DE97346324E8EFE200863896 /* scribl.xcdatamodel */;
			path = scribl.xcdatamodeld;
			sourceTree = "<group>";
			versionGroupType = wrapper.xcdatamodel;
		};
/* End XCVersionGroup section */
	};
	rootObject = DE97344E24E8EFE200863896 /* Project object */;
}
